
Microsoft Visual Studio Solution File, Format Version 12.00
# Visual Studio Version 17
VisualStudioVersion = 17.5.33627.172
MinimumVisualStudioVersion = 10.0.40219.1
Project("{9A19103F-16F7-4668-BE54-9A1E7A4F7556}") = "Rocket", "Rocket.csproj", "{C4F6C0DC-346F-46AC-90B8-B5BD65B54C31}"
EndProject
Global
	GlobalSection(SolutionConfigurationPlatforms) = preSolution
		Debug|Any CPU = Debug|Any CPU
		Release|Any CPU = Release|Any CPU
	EndGlobalSection
	GlobalSection(ProjectConfigurationPlatforms) = postSolution
		{C4F6C0DC-346F-46AC-90B8-B5BD65B54C31}.Debug|Any CPU.ActiveCfg = Debug|Any CPU
		{C4F6C0DC-346F-46AC-90B8-B5BD65B54C31}.Debug|Any CPU.Build.0 = Debug|Any CPU
		{C4F6C0DC-346F-46AC-90B8-B5BD65B54C31}.Release|Any CPU.ActiveCfg = Release|Any CPU
		{C4F6C0DC-346F-46AC-90B8-B5BD65B54C31}.Release|Any CPU.Build.0 = Release|Any CPU
	EndGlobalSection
	GlobalSection(SolutionProperties) = preSolution
		HideSolutionNode = FALSE
	EndGlobalSection
	GlobalSection(ExtensibilityGlobals) = postSolution
		SolutionGuid = {E2E465DC-71E4-46A4-89FB-3355E8446B19}
	EndGlobalSection
EndGlobal
