
Microsoft Visual Studio Solution File, Format Version 12.00
# Visual Studio Version 17
VisualStudioVersion = 17.5.33627.172
MinimumVisualStudioVersion = 10.0.40219.1
Project("{FAE04EC0-301F-11D3-BF4B-00C04F79EFBC}") = "Geometry", "Geometry.csproj", "{002C947D-7624-4DA8-8D12-9D0E6CEEBA58}"
EndProject
Global
	GlobalSection(SolutionConfigurationPlatforms) = preSolution
		Debug|Any CPU = Debug|Any CPU
		Release|Any CPU = Release|Any CPU
	EndGlobalSection
	GlobalSection(ProjectConfigurationPlatforms) = postSolution
		{002C947D-7624-4DA8-8D12-9D0E6CEEBA58}.Debug|Any CPU.ActiveCfg = Debug|Any CPU
		{002C947D-7624-4DA8-8D12-9D0E6CEEBA58}.Debug|Any CPU.Build.0 = Debug|Any CPU
		{002C947D-7624-4DA8-8D12-9D0E6CEEBA58}.Release|Any CPU.ActiveCfg = Release|Any CPU
		{002C947D-7624-4DA8-8D12-9D0E6CEEBA58}.Release|Any CPU.Build.0 = Release|Any CPU
	EndGlobalSection
	GlobalSection(SolutionProperties) = preSolution
		HideSolutionNode = FALSE
	EndGlobalSection
	GlobalSection(ExtensibilityGlobals) = postSolution
		SolutionGuid = {C208B297-CBC6-4BD7-A902-03E5FEDD0D2E}
	EndGlobalSection
EndGlobal
